
Microsoft Visual Studio Solution File, Format Version 12.00
# Visual Studio Version 16
VisualStudioVersion = 16.0.29306.81
MinimumVisualStudioVersion = 10.0.40219.1
Project("{8BC9CEB8-8B4A-11D0-8D11-00A0C91BC942}") = "iterators", "iterators\iterators.vcxproj", "{191B364A-7309-455C-9FEC-285211490279}"
EndProject
Project("{8BC9CEB8-8B4A-11D0-8D11-00A0C91BC942}") = "STLconainers", "STLconainers\STLconainers.vcxproj", "{580C31E3-9586-480E-9C1C-BEC3AD5F814E}"
EndProject
Project("{8BC9CEB8-8B4A-11D0-8D11-00A0C91BC942}") = "returnAlias", "returnAlias\returnAlias.vcxproj", "{3EAA8ADE-1DE4-49A3-AE08-8A6AD4FBAA90}"
EndProject
Project("{8BC9CEB8-8B4A-11D0-8D11-00A0C91BC942}") = "functors", "functors\functors.vcxproj", "{88752B49-62BB-448B-90A5-E340A28E2450}"
EndProject
Project("{8BC9CEB8-8B4A-11D0-8D11-00A0C91BC942}") = "lambda", "lambda\lambda.vcxproj", "{A730AB5A-7510-456F-93E6-7A2CB860F6FF}"
EndProject
Project("{8BC9CEB8-8B4A-11D0-8D11-00A0C91BC942}") = "pair", "pair\pair.vcxproj", "{4C93C84F-07BE-4778-A583-07AEF5DAB5D1}"
EndProject
Project("{8BC9CEB8-8B4A-11D0-8D11-00A0C91BC942}") = "find", "find\find.vcxproj", "{BCCDA26A-531C-4CC8-8AD8-AE50DA74BE6D}"
EndProject
Project("{8BC9CEB8-8B4A-11D0-8D11-00A0C91BC942}") = "predicate", "predicate\predicate.vcxproj", "{0B45A287-D9E4-46A2-AE3F-ED58D7C50BD5}"
EndProject
Project("{8BC9CEB8-8B4A-11D0-8D11-00A0C91BC942}") = "lambdaPredicate", "lambdaPredicate\lambdaPredicate.vcxproj", "{92E12750-0E38-4857-929C-79B5F58C1CAF}"
EndProject
Project("{8BC9CEB8-8B4A-11D0-8D11-00A0C91BC942}") = "copy", "copy\copy.vcxproj", "{1B0DDF6B-40D5-4AF4-B945-5292062AFEFD}"
EndProject
Project("{8BC9CEB8-8B4A-11D0-8D11-00A0C91BC942}") = "unordered_set", "unordered_set\unordered_set.vcxproj", "{7B8ABE86-C4F3-4724-B5DF-D08A5CEE5BE2}"
EndProject
Project("{8BC9CEB8-8B4A-11D0-8D11-00A0C91BC942}") = "multiset", "multiset\multiset.vcxproj", "{361BD8BC-0841-4ED8-9656-B283A0279368}"
EndProject
Project("{8BC9CEB8-8B4A-11D0-8D11-00A0C91BC942}") = "multimap", "multimap\multimap.vcxproj", "{A5408D0C-AB19-4C01-804E-B93750F4B446}"
EndProject
Project("{8BC9CEB8-8B4A-11D0-8D11-00A0C91BC942}") = "vectors", "vectors\vectors.vcxproj", "{D1A4FA93-985E-44D4-B344-CD321F5E50BB}"
EndProject
Project("{8BC9CEB8-8B4A-11D0-8D11-00A0C91BC942}") = "typename", "typename\typename.vcxproj", "{B02620C5-66A9-46EC-B620-4BED1478A0C6}"
EndProject
Project("{8BC9CEB8-8B4A-11D0-8D11-00A0C91BC942}") = "assertion", "assertion\assertion.vcxproj", "{BD873635-C0DB-43BC-A57B-3922C8F9DBC9}"
EndProject
Project("{8BC9CEB8-8B4A-11D0-8D11-00A0C91BC942}") = "Initializer Lists", "Initializer Lists\Initializer Lists.vcxproj", "{1E431745-9B67-47CB-B314-C11C47167B9A}"
EndProject
Project("{8BC9CEB8-8B4A-11D0-8D11-00A0C91BC942}") = "ContainerLab", "ContainerLab\ContainerLab.vcxproj", "{773B73FB-03DB-48DE-AA48-4385E4620FDF}"
EndProject
Project("{8BC9CEB8-8B4A-11D0-8D11-00A0C91BC942}") = "rawstrings", "rawstrings\rawstrings.vcxproj", "{C9046C74-F243-4D90-8FD7-20EFBA4A7C1C}"
EndProject
Project("{8BC9CEB8-8B4A-11D0-8D11-00A0C91BC942}") = "hash", "hash\hash.vcxproj", "{2B6322B9-63C2-47DB-83A0-4640431AEB48}"
EndProject
Project("{8BC9CEB8-8B4A-11D0-8D11-00A0C91BC942}") = "CheapVector", "CheapVector\CheapVector.vcxproj", "{FDC9F6C7-FAC3-4178-BED3-E9E4F239F1A3}"
EndProject
Project("{8BC9CEB8-8B4A-11D0-8D11-00A0C91BC942}") = "iostream", "iostrea\iostrea.vcxproj", "{5810A6BA-FDB2-494D-8971-3983484C6528}"
EndProject
Project("{8BC9CEB8-8B4A-11D0-8D11-00A0C91BC942}") = "sort", "sort\sort.vcxproj", "{A4871390-F21F-402B-B40F-639C90C7941E}"
EndProject
Project("{8BC9CEB8-8B4A-11D0-8D11-00A0C91BC942}") = "streaminterators", "streaminterators\streaminterators.vcxproj", "{563DEC4E-425E-4B93-9196-E055A51C0270}"
EndProject
Project("{8BC9CEB8-8B4A-11D0-8D11-00A0C91BC942}") = "randomseed", "randomseed\randomseed.vcxproj", "{5443BE26-9991-438D-8484-1AA8A37AAF42}"
EndProject
Project("{8BC9CEB8-8B4A-11D0-8D11-00A0C91BC942}") = "regex", "regex\regex.vcxproj", "{914B1340-E298-4DD8-9432-4A424A959C5F}"
EndProject
Project("{8BC9CEB8-8B4A-11D0-8D11-00A0C91BC942}") = "binarytree", "binarytree\binarytree.vcxproj", "{B3C6279D-A9B9-40A0-82B3-72763B436698}"
EndProject
Project("{8BC9CEB8-8B4A-11D0-8D11-00A0C91BC942}") = "BSTString", "BSTString\BSTString.vcxproj", "{C73E8764-E27C-4D1A-B68A-A69DC8CF3574}"
EndProject
Project("{8BC9CEB8-8B4A-11D0-8D11-00A0C91BC942}") = "node", "node\node.vcxproj", "{580868AB-AEEB-4052-A02C-3440E000746A}"
EndProject
Project("{8BC9CEB8-8B4A-11D0-8D11-00A0C91BC942}") = "newOpScope", "newOpScope\newOpScope.vcxproj", "{FF0AD403-D806-4CAA-9777-C1E09F122F3D}"
EndProject
Project("{8BC9CEB8-8B4A-11D0-8D11-00A0C91BC942}") = "nodeinsertPos", "nodeinsertPos\nodeinsertPos.vcxproj", "{7789D2E5-35E3-4762-BBC5-83CB50E97DEF}"
EndProject
Project("{8BC9CEB8-8B4A-11D0-8D11-00A0C91BC942}") = "CoC", "CoC\CoC.vcxproj", "{11E6A7C2-C808-498E-9CCA-CC493A7BDC45}"
EndProject
Project("{8BC9CEB8-8B4A-11D0-8D11-00A0C91BC942}") = "static2", "static2\static2.vcxproj", "{495DEC0A-7A5D-4692-A34C-00BC8058C253}"
EndProject
Project("{8BC9CEB8-8B4A-11D0-8D11-00A0C91BC942}") = "vector0fVectorHashmap", "ListOfList\ListOfList.vcxproj", "{8D01C0CA-D3A9-48EB-B984-42760664B131}"
EndProject
Project("{8BC9CEB8-8B4A-11D0-8D11-00A0C91BC942}") = "recursivelistmodify", "recursivelistmodify\recursivelistmodify.vcxproj", "{BEA2F918-0D0B-4DFA-864B-7CC2647C3592}"
EndProject
Project("{8BC9CEB8-8B4A-11D0-8D11-00A0C91BC942}") = "Fib", "Fib\Fib.vcxproj", "{75E1C6AD-8852-4546-AAC9-EFFFB6FE0BE5}"
EndProject
Global
	GlobalSection(SolutionConfigurationPlatforms) = preSolution
		Debug|x64 = Debug|x64
		Debug|x86 = Debug|x86
		Release|x64 = Release|x64
		Release|x86 = Release|x86
	EndGlobalSection
	GlobalSection(ProjectConfigurationPlatforms) = postSolution
		{191B364A-7309-455C-9FEC-285211490279}.Debug|x64.ActiveCfg = Debug|x64
		{191B364A-7309-455C-9FEC-285211490279}.Debug|x64.Build.0 = Debug|x64
		{191B364A-7309-455C-9FEC-285211490279}.Debug|x86.ActiveCfg = Debug|Win32
		{191B364A-7309-455C-9FEC-285211490279}.Debug|x86.Build.0 = Debug|Win32
		{191B364A-7309-455C-9FEC-285211490279}.Release|x64.ActiveCfg = Release|x64
		{191B364A-7309-455C-9FEC-285211490279}.Release|x64.Build.0 = Release|x64
		{191B364A-7309-455C-9FEC-285211490279}.Release|x86.ActiveCfg = Release|Win32
		{191B364A-7309-455C-9FEC-285211490279}.Release|x86.Build.0 = Release|Win32
		{580C31E3-9586-480E-9C1C-BEC3AD5F814E}.Debug|x64.ActiveCfg = Debug|x64
		{580C31E3-9586-480E-9C1C-BEC3AD5F814E}.Debug|x64.Build.0 = Debug|x64
		{580C31E3-9586-480E-9C1C-BEC3AD5F814E}.Debug|x86.ActiveCfg = Debug|Win32
		{580C31E3-9586-480E-9C1C-BEC3AD5F814E}.Debug|x86.Build.0 = Debug|Win32
		{580C31E3-9586-480E-9C1C-BEC3AD5F814E}.Release|x64.ActiveCfg = Release|x64
		{580C31E3-9586-480E-9C1C-BEC3AD5F814E}.Release|x64.Build.0 = Release|x64
		{580C31E3-9586-480E-9C1C-BEC3AD5F814E}.Release|x86.ActiveCfg = Release|Win32
		{580C31E3-9586-480E-9C1C-BEC3AD5F814E}.Release|x86.Build.0 = Release|Win32
		{3EAA8ADE-1DE4-49A3-AE08-8A6AD4FBAA90}.Debug|x64.ActiveCfg = Debug|x64
		{3EAA8ADE-1DE4-49A3-AE08-8A6AD4FBAA90}.Debug|x64.Build.0 = Debug|x64
		{3EAA8ADE-1DE4-49A3-AE08-8A6AD4FBAA90}.Debug|x86.ActiveCfg = Debug|Win32
		{3EAA8ADE-1DE4-49A3-AE08-8A6AD4FBAA90}.Debug|x86.Build.0 = Debug|Win32
		{3EAA8ADE-1DE4-49A3-AE08-8A6AD4FBAA90}.Release|x64.ActiveCfg = Release|x64
		{3EAA8ADE-1DE4-49A3-AE08-8A6AD4FBAA90}.Release|x64.Build.0 = Release|x64
		{3EAA8ADE-1DE4-49A3-AE08-8A6AD4FBAA90}.Release|x86.ActiveCfg = Release|Win32
		{3EAA8ADE-1DE4-49A3-AE08-8A6AD4FBAA90}.Release|x86.Build.0 = Release|Win32
		{88752B49-62BB-448B-90A5-E340A28E2450}.Debug|x64.ActiveCfg = Debug|x64
		{88752B49-62BB-448B-90A5-E340A28E2450}.Debug|x64.Build.0 = Debug|x64
		{88752B49-62BB-448B-90A5-E340A28E2450}.Debug|x86.ActiveCfg = Debug|Win32
		{88752B49-62BB-448B-90A5-E340A28E2450}.Debug|x86.Build.0 = Debug|Win32
		{88752B49-62BB-448B-90A5-E340A28E2450}.Release|x64.ActiveCfg = Release|x64
		{88752B49-62BB-448B-90A5-E340A28E2450}.Release|x64.Build.0 = Release|x64
		{88752B49-62BB-448B-90A5-E340A28E2450}.Release|x86.ActiveCfg = Release|Win32
		{88752B49-62BB-448B-90A5-E340A28E2450}.Release|x86.Build.0 = Release|Win32
		{A730AB5A-7510-456F-93E6-7A2CB860F6FF}.Debug|x64.ActiveCfg = Debug|x64
		{A730AB5A-7510-456F-93E6-7A2CB860F6FF}.Debug|x64.Build.0 = Debug|x64
		{A730AB5A-7510-456F-93E6-7A2CB860F6FF}.Debug|x86.ActiveCfg = Debug|Win32
		{A730AB5A-7510-456F-93E6-7A2CB860F6FF}.Debug|x86.Build.0 = Debug|Win32
		{A730AB5A-7510-456F-93E6-7A2CB860F6FF}.Release|x64.ActiveCfg = Release|x64
		{A730AB5A-7510-456F-93E6-7A2CB860F6FF}.Release|x64.Build.0 = Release|x64
		{A730AB5A-7510-456F-93E6-7A2CB860F6FF}.Release|x86.ActiveCfg = Release|Win32
		{A730AB5A-7510-456F-93E6-7A2CB860F6FF}.Release|x86.Build.0 = Release|Win32
		{4C93C84F-07BE-4778-A583-07AEF5DAB5D1}.Debug|x64.ActiveCfg = Debug|x64
		{4C93C84F-07BE-4778-A583-07AEF5DAB5D1}.Debug|x64.Build.0 = Debug|x64
		{4C93C84F-07BE-4778-A583-07AEF5DAB5D1}.Debug|x86.ActiveCfg = Debug|Win32
		{4C93C84F-07BE-4778-A583-07AEF5DAB5D1}.Debug|x86.Build.0 = Debug|Win32
		{4C93C84F-07BE-4778-A583-07AEF5DAB5D1}.Release|x64.ActiveCfg = Release|x64
		{4C93C84F-07BE-4778-A583-07AEF5DAB5D1}.Release|x64.Build.0 = Release|x64
		{4C93C84F-07BE-4778-A583-07AEF5DAB5D1}.Release|x86.ActiveCfg = Release|Win32
		{4C93C84F-07BE-4778-A583-07AEF5DAB5D1}.Release|x86.Build.0 = Release|Win32
		{BCCDA26A-531C-4CC8-8AD8-AE50DA74BE6D}.Debug|x64.ActiveCfg = Debug|x64
		{BCCDA26A-531C-4CC8-8AD8-AE50DA74BE6D}.Debug|x64.Build.0 = Debug|x64
		{BCCDA26A-531C-4CC8-8AD8-AE50DA74BE6D}.Debug|x86.ActiveCfg = Debug|Win32
		{BCCDA26A-531C-4CC8-8AD8-AE50DA74BE6D}.Debug|x86.Build.0 = Debug|Win32
		{BCCDA26A-531C-4CC8-8AD8-AE50DA74BE6D}.Release|x64.ActiveCfg = Release|x64
		{BCCDA26A-531C-4CC8-8AD8-AE50DA74BE6D}.Release|x64.Build.0 = Release|x64
		{BCCDA26A-531C-4CC8-8AD8-AE50DA74BE6D}.Release|x86.ActiveCfg = Release|Win32
		{BCCDA26A-531C-4CC8-8AD8-AE50DA74BE6D}.Release|x86.Build.0 = Release|Win32
		{0B45A287-D9E4-46A2-AE3F-ED58D7C50BD5}.Debug|x64.ActiveCfg = Debug|x64
		{0B45A287-D9E4-46A2-AE3F-ED58D7C50BD5}.Debug|x64.Build.0 = Debug|x64
		{0B45A287-D9E4-46A2-AE3F-ED58D7C50BD5}.Debug|x86.ActiveCfg = Debug|Win32
		{0B45A287-D9E4-46A2-AE3F-ED58D7C50BD5}.Debug|x86.Build.0 = Debug|Win32
		{0B45A287-D9E4-46A2-AE3F-ED58D7C50BD5}.Release|x64.ActiveCfg = Release|x64
		{0B45A287-D9E4-46A2-AE3F-ED58D7C50BD5}.Release|x64.Build.0 = Release|x64
		{0B45A287-D9E4-46A2-AE3F-ED58D7C50BD5}.Release|x86.ActiveCfg = Release|Win32
		{0B45A287-D9E4-46A2-AE3F-ED58D7C50BD5}.Release|x86.Build.0 = Release|Win32
		{92E12750-0E38-4857-929C-79B5F58C1CAF}.Debug|x64.ActiveCfg = Debug|x64
		{92E12750-0E38-4857-929C-79B5F58C1CAF}.Debug|x64.Build.0 = Debug|x64
		{92E12750-0E38-4857-929C-79B5F58C1CAF}.Debug|x86.ActiveCfg = Debug|Win32
		{92E12750-0E38-4857-929C-79B5F58C1CAF}.Debug|x86.Build.0 = Debug|Win32
		{92E12750-0E38-4857-929C-79B5F58C1CAF}.Release|x64.ActiveCfg = Release|x64
		{92E12750-0E38-4857-929C-79B5F58C1CAF}.Release|x64.Build.0 = Release|x64
		{92E12750-0E38-4857-929C-79B5F58C1CAF}.Release|x86.ActiveCfg = Release|Win32
		{92E12750-0E38-4857-929C-79B5F58C1CAF}.Release|x86.Build.0 = Release|Win32
		{1B0DDF6B-40D5-4AF4-B945-5292062AFEFD}.Debug|x64.ActiveCfg = Debug|x64
		{1B0DDF6B-40D5-4AF4-B945-5292062AFEFD}.Debug|x64.Build.0 = Debug|x64
		{1B0DDF6B-40D5-4AF4-B945-5292062AFEFD}.Debug|x86.ActiveCfg = Debug|Win32
		{1B0DDF6B-40D5-4AF4-B945-5292062AFEFD}.Debug|x86.Build.0 = Debug|Win32
		{1B0DDF6B-40D5-4AF4-B945-5292062AFEFD}.Release|x64.ActiveCfg = Release|x64
		{1B0DDF6B-40D5-4AF4-B945-5292062AFEFD}.Release|x64.Build.0 = Release|x64
		{1B0DDF6B-40D5-4AF4-B945-5292062AFEFD}.Release|x86.ActiveCfg = Release|Win32
		{1B0DDF6B-40D5-4AF4-B945-5292062AFEFD}.Release|x86.Build.0 = Release|Win32
		{7B8ABE86-C4F3-4724-B5DF-D08A5CEE5BE2}.Debug|x64.ActiveCfg = Debug|x64
		{7B8ABE86-C4F3-4724-B5DF-D08A5CEE5BE2}.Debug|x64.Build.0 = Debug|x64
		{7B8ABE86-C4F3-4724-B5DF-D08A5CEE5BE2}.Debug|x86.ActiveCfg = Debug|Win32
		{7B8ABE86-C4F3-4724-B5DF-D08A5CEE5BE2}.Debug|x86.Build.0 = Debug|Win32
		{7B8ABE86-C4F3-4724-B5DF-D08A5CEE5BE2}.Release|x64.ActiveCfg = Release|x64
		{7B8ABE86-C4F3-4724-B5DF-D08A5CEE5BE2}.Release|x64.Build.0 = Release|x64
		{7B8ABE86-C4F3-4724-B5DF-D08A5CEE5BE2}.Release|x86.ActiveCfg = Release|Win32
		{7B8ABE86-C4F3-4724-B5DF-D08A5CEE5BE2}.Release|x86.Build.0 = Release|Win32
		{361BD8BC-0841-4ED8-9656-B283A0279368}.Debug|x64.ActiveCfg = Debug|x64
		{361BD8BC-0841-4ED8-9656-B283A0279368}.Debug|x64.Build.0 = Debug|x64
		{361BD8BC-0841-4ED8-9656-B283A0279368}.Debug|x86.ActiveCfg = Debug|Win32
		{361BD8BC-0841-4ED8-9656-B283A0279368}.Debug|x86.Build.0 = Debug|Win32
		{361BD8BC-0841-4ED8-9656-B283A0279368}.Release|x64.ActiveCfg = Release|x64
		{361BD8BC-0841-4ED8-9656-B283A0279368}.Release|x64.Build.0 = Release|x64
		{361BD8BC-0841-4ED8-9656-B283A0279368}.Release|x86.ActiveCfg = Release|Win32
		{361BD8BC-0841-4ED8-9656-B283A0279368}.Release|x86.Build.0 = Release|Win32
		{A5408D0C-AB19-4C01-804E-B93750F4B446}.Debug|x64.ActiveCfg = Debug|x64
		{A5408D0C-AB19-4C01-804E-B93750F4B446}.Debug|x64.Build.0 = Debug|x64
		{A5408D0C-AB19-4C01-804E-B93750F4B446}.Debug|x86.ActiveCfg = Debug|Win32
		{A5408D0C-AB19-4C01-804E-B93750F4B446}.Debug|x86.Build.0 = Debug|Win32
		{A5408D0C-AB19-4C01-804E-B93750F4B446}.Release|x64.ActiveCfg = Release|x64
		{A5408D0C-AB19-4C01-804E-B93750F4B446}.Release|x64.Build.0 = Release|x64
		{A5408D0C-AB19-4C01-804E-B93750F4B446}.Release|x86.ActiveCfg = Release|Win32
		{A5408D0C-AB19-4C01-804E-B93750F4B446}.Release|x86.Build.0 = Release|Win32
		{D1A4FA93-985E-44D4-B344-CD321F5E50BB}.Debug|x64.ActiveCfg = Debug|x64
		{D1A4FA93-985E-44D4-B344-CD321F5E50BB}.Debug|x64.Build.0 = Debug|x64
		{D1A4FA93-985E-44D4-B344-CD321F5E50BB}.Debug|x86.ActiveCfg = Debug|Win32
		{D1A4FA93-985E-44D4-B344-CD321F5E50BB}.Debug|x86.Build.0 = Debug|Win32
		{D1A4FA93-985E-44D4-B344-CD321F5E50BB}.Release|x64.ActiveCfg = Release|x64
		{D1A4FA93-985E-44D4-B344-CD321F5E50BB}.Release|x64.Build.0 = Release|x64
		{D1A4FA93-985E-44D4-B344-CD321F5E50BB}.Release|x86.ActiveCfg = Release|Win32
		{D1A4FA93-985E-44D4-B344-CD321F5E50BB}.Release|x86.Build.0 = Release|Win32
		{B02620C5-66A9-46EC-B620-4BED1478A0C6}.Debug|x64.ActiveCfg = Debug|x64
		{B02620C5-66A9-46EC-B620-4BED1478A0C6}.Debug|x64.Build.0 = Debug|x64
		{B02620C5-66A9-46EC-B620-4BED1478A0C6}.Debug|x86.ActiveCfg = Debug|Win32
		{B02620C5-66A9-46EC-B620-4BED1478A0C6}.Debug|x86.Build.0 = Debug|Win32
		{B02620C5-66A9-46EC-B620-4BED1478A0C6}.Release|x64.ActiveCfg = Release|x64
		{B02620C5-66A9-46EC-B620-4BED1478A0C6}.Release|x64.Build.0 = Release|x64
		{B02620C5-66A9-46EC-B620-4BED1478A0C6}.Release|x86.ActiveCfg = Release|Win32
		{B02620C5-66A9-46EC-B620-4BED1478A0C6}.Release|x86.Build.0 = Release|Win32
		{BD873635-C0DB-43BC-A57B-3922C8F9DBC9}.Debug|x64.ActiveCfg = Debug|x64
		{BD873635-C0DB-43BC-A57B-3922C8F9DBC9}.Debug|x64.Build.0 = Debug|x64
		{BD873635-C0DB-43BC-A57B-3922C8F9DBC9}.Debug|x86.ActiveCfg = Debug|Win32
		{BD873635-C0DB-43BC-A57B-3922C8F9DBC9}.Debug|x86.Build.0 = Debug|Win32
		{BD873635-C0DB-43BC-A57B-3922C8F9DBC9}.Release|x64.ActiveCfg = Release|x64
		{BD873635-C0DB-43BC-A57B-3922C8F9DBC9}.Release|x64.Build.0 = Release|x64
		{BD873635-C0DB-43BC-A57B-3922C8F9DBC9}.Release|x86.ActiveCfg = Release|Win32
		{BD873635-C0DB-43BC-A57B-3922C8F9DBC9}.Release|x86.Build.0 = Release|Win32
		{1E431745-9B67-47CB-B314-C11C47167B9A}.Debug|x64.ActiveCfg = Debug|x64
		{1E431745-9B67-47CB-B314-C11C47167B9A}.Debug|x64.Build.0 = Debug|x64
		{1E431745-9B67-47CB-B314-C11C47167B9A}.Debug|x86.ActiveCfg = Debug|Win32
		{1E431745-9B67-47CB-B314-C11C47167B9A}.Debug|x86.Build.0 = Debug|Win32
		{1E431745-9B67-47CB-B314-C11C47167B9A}.Release|x64.ActiveCfg = Release|x64
		{1E431745-9B67-47CB-B314-C11C47167B9A}.Release|x64.Build.0 = Release|x64
		{1E431745-9B67-47CB-B314-C11C47167B9A}.Release|x86.ActiveCfg = Release|Win32
		{1E431745-9B67-47CB-B314-C11C47167B9A}.Release|x86.Build.0 = Release|Win32
		{773B73FB-03DB-48DE-AA48-4385E4620FDF}.Debug|x64.ActiveCfg = Debug|x64
		{773B73FB-03DB-48DE-AA48-4385E4620FDF}.Debug|x64.Build.0 = Debug|x64
		{773B73FB-03DB-48DE-AA48-4385E4620FDF}.Debug|x86.ActiveCfg = Debug|Win32
		{773B73FB-03DB-48DE-AA48-4385E4620FDF}.Debug|x86.Build.0 = Debug|Win32
		{773B73FB-03DB-48DE-AA48-4385E4620FDF}.Release|x64.ActiveCfg = Release|x64
		{773B73FB-03DB-48DE-AA48-4385E4620FDF}.Release|x64.Build.0 = Release|x64
		{773B73FB-03DB-48DE-AA48-4385E4620FDF}.Release|x86.ActiveCfg = Release|Win32
		{773B73FB-03DB-48DE-AA48-4385E4620FDF}.Release|x86.Build.0 = Release|Win32
		{C9046C74-F243-4D90-8FD7-20EFBA4A7C1C}.Debug|x64.ActiveCfg = Debug|x64
		{C9046C74-F243-4D90-8FD7-20EFBA4A7C1C}.Debug|x64.Build.0 = Debug|x64
		{C9046C74-F243-4D90-8FD7-20EFBA4A7C1C}.Debug|x86.ActiveCfg = Debug|Win32
		{C9046C74-F243-4D90-8FD7-20EFBA4A7C1C}.Debug|x86.Build.0 = Debug|Win32
		{C9046C74-F243-4D90-8FD7-20EFBA4A7C1C}.Release|x64.ActiveCfg = Release|x64
		{C9046C74-F243-4D90-8FD7-20EFBA4A7C1C}.Release|x64.Build.0 = Release|x64
		{C9046C74-F243-4D90-8FD7-20EFBA4A7C1C}.Release|x86.ActiveCfg = Release|Win32
		{C9046C74-F243-4D90-8FD7-20EFBA4A7C1C}.Release|x86.Build.0 = Release|Win32
		{2B6322B9-63C2-47DB-83A0-4640431AEB48}.Debug|x64.ActiveCfg = Debug|x64
		{2B6322B9-63C2-47DB-83A0-4640431AEB48}.Debug|x64.Build.0 = Debug|x64
		{2B6322B9-63C2-47DB-83A0-4640431AEB48}.Debug|x86.ActiveCfg = Debug|Win32
		{2B6322B9-63C2-47DB-83A0-4640431AEB48}.Debug|x86.Build.0 = Debug|Win32
		{2B6322B9-63C2-47DB-83A0-4640431AEB48}.Release|x64.ActiveCfg = Release|x64
		{2B6322B9-63C2-47DB-83A0-4640431AEB48}.Release|x64.Build.0 = Release|x64
		{2B6322B9-63C2-47DB-83A0-4640431AEB48}.Release|x86.ActiveCfg = Release|Win32
		{2B6322B9-63C2-47DB-83A0-4640431AEB48}.Release|x86.Build.0 = Release|Win32
		{FDC9F6C7-FAC3-4178-BED3-E9E4F239F1A3}.Debug|x64.ActiveCfg = Debug|x64
		{FDC9F6C7-FAC3-4178-BED3-E9E4F239F1A3}.Debug|x64.Build.0 = Debug|x64
		{FDC9F6C7-FAC3-4178-BED3-E9E4F239F1A3}.Debug|x86.ActiveCfg = Debug|Win32
		{FDC9F6C7-FAC3-4178-BED3-E9E4F239F1A3}.Debug|x86.Build.0 = Debug|Win32
		{FDC9F6C7-FAC3-4178-BED3-E9E4F239F1A3}.Release|x64.ActiveCfg = Release|x64
		{FDC9F6C7-FAC3-4178-BED3-E9E4F239F1A3}.Release|x64.Build.0 = Release|x64
		{FDC9F6C7-FAC3-4178-BED3-E9E4F239F1A3}.Release|x86.ActiveCfg = Release|Win32
		{FDC9F6C7-FAC3-4178-BED3-E9E4F239F1A3}.Release|x86.Build.0 = Release|Win32
		{5810A6BA-FDB2-494D-8971-3983484C6528}.Debug|x64.ActiveCfg = Debug|x64
		{5810A6BA-FDB2-494D-8971-3983484C6528}.Debug|x64.Build.0 = Debug|x64
		{5810A6BA-FDB2-494D-8971-3983484C6528}.Debug|x86.ActiveCfg = Debug|Win32
		{5810A6BA-FDB2-494D-8971-3983484C6528}.Debug|x86.Build.0 = Debug|Win32
		{5810A6BA-FDB2-494D-8971-3983484C6528}.Release|x64.ActiveCfg = Release|x64
		{5810A6BA-FDB2-494D-8971-3983484C6528}.Release|x64.Build.0 = Release|x64
		{5810A6BA-FDB2-494D-8971-3983484C6528}.Release|x86.ActiveCfg = Release|Win32
		{5810A6BA-FDB2-494D-8971-3983484C6528}.Release|x86.Build.0 = Release|Win32
		{A4871390-F21F-402B-B40F-639C90C7941E}.Debug|x64.ActiveCfg = Debug|x64
		{A4871390-F21F-402B-B40F-639C90C7941E}.Debug|x64.Build.0 = Debug|x64
		{A4871390-F21F-402B-B40F-639C90C7941E}.Debug|x86.ActiveCfg = Debug|Win32
		{A4871390-F21F-402B-B40F-639C90C7941E}.Debug|x86.Build.0 = Debug|Win32
		{A4871390-F21F-402B-B40F-639C90C7941E}.Release|x64.ActiveCfg = Release|x64
		{A4871390-F21F-402B-B40F-639C90C7941E}.Release|x64.Build.0 = Release|x64
		{A4871390-F21F-402B-B40F-639C90C7941E}.Release|x86.ActiveCfg = Release|Win32
		{A4871390-F21F-402B-B40F-639C90C7941E}.Release|x86.Build.0 = Release|Win32
		{563DEC4E-425E-4B93-9196-E055A51C0270}.Debug|x64.ActiveCfg = Debug|x64
		{563DEC4E-425E-4B93-9196-E055A51C0270}.Debug|x64.Build.0 = Debug|x64
		{563DEC4E-425E-4B93-9196-E055A51C0270}.Debug|x86.ActiveCfg = Debug|Win32
		{563DEC4E-425E-4B93-9196-E055A51C0270}.Debug|x86.Build.0 = Debug|Win32
		{563DEC4E-425E-4B93-9196-E055A51C0270}.Release|x64.ActiveCfg = Release|x64
		{563DEC4E-425E-4B93-9196-E055A51C0270}.Release|x64.Build.0 = Release|x64
		{563DEC4E-425E-4B93-9196-E055A51C0270}.Release|x86.ActiveCfg = Release|Win32
		{563DEC4E-425E-4B93-9196-E055A51C0270}.Release|x86.Build.0 = Release|Win32
		{5443BE26-9991-438D-8484-1AA8A37AAF42}.Debug|x64.ActiveCfg = Debug|x64
		{5443BE26-9991-438D-8484-1AA8A37AAF42}.Debug|x64.Build.0 = Debug|x64
		{5443BE26-9991-438D-8484-1AA8A37AAF42}.Debug|x86.ActiveCfg = Debug|Win32
		{5443BE26-9991-438D-8484-1AA8A37AAF42}.Debug|x86.Build.0 = Debug|Win32
		{5443BE26-9991-438D-8484-1AA8A37AAF42}.Release|x64.ActiveCfg = Release|x64
		{5443BE26-9991-438D-8484-1AA8A37AAF42}.Release|x64.Build.0 = Release|x64
		{5443BE26-9991-438D-8484-1AA8A37AAF42}.Release|x86.ActiveCfg = Release|Win32
		{5443BE26-9991-438D-8484-1AA8A37AAF42}.Release|x86.Build.0 = Release|Win32
		{914B1340-E298-4DD8-9432-4A424A959C5F}.Debug|x64.ActiveCfg = Debug|x64
		{914B1340-E298-4DD8-9432-4A424A959C5F}.Debug|x64.Build.0 = Debug|x64
		{914B1340-E298-4DD8-9432-4A424A959C5F}.Debug|x86.ActiveCfg = Debug|Win32
		{914B1340-E298-4DD8-9432-4A424A959C5F}.Debug|x86.Build.0 = Debug|Win32
		{914B1340-E298-4DD8-9432-4A424A959C5F}.Release|x64.ActiveCfg = Release|x64
		{914B1340-E298-4DD8-9432-4A424A959C5F}.Release|x64.Build.0 = Release|x64
		{914B1340-E298-4DD8-9432-4A424A959C5F}.Release|x86.ActiveCfg = Release|Win32
		{914B1340-E298-4DD8-9432-4A424A959C5F}.Release|x86.Build.0 = Release|Win32
		{B3C6279D-A9B9-40A0-82B3-72763B436698}.Debug|x64.ActiveCfg = Debug|x64
		{B3C6279D-A9B9-40A0-82B3-72763B436698}.Debug|x64.Build.0 = Debug|x64
		{B3C6279D-A9B9-40A0-82B3-72763B436698}.Debug|x86.ActiveCfg = Debug|Win32
		{B3C6279D-A9B9-40A0-82B3-72763B436698}.Debug|x86.Build.0 = Debug|Win32
		{B3C6279D-A9B9-40A0-82B3-72763B436698}.Release|x64.ActiveCfg = Release|x64
		{B3C6279D-A9B9-40A0-82B3-72763B436698}.Release|x64.Build.0 = Release|x64
		{B3C6279D-A9B9-40A0-82B3-72763B436698}.Release|x86.ActiveCfg = Release|Win32
		{B3C6279D-A9B9-40A0-82B3-72763B436698}.Release|x86.Build.0 = Release|Win32
		{C73E8764-E27C-4D1A-B68A-A69DC8CF3574}.Debug|x64.ActiveCfg = Debug|x64
		{C73E8764-E27C-4D1A-B68A-A69DC8CF3574}.Debug|x64.Build.0 = Debug|x64
		{C73E8764-E27C-4D1A-B68A-A69DC8CF3574}.Debug|x86.ActiveCfg = Debug|Win32
		{C73E8764-E27C-4D1A-B68A-A69DC8CF3574}.Debug|x86.Build.0 = Debug|Win32
		{C73E8764-E27C-4D1A-B68A-A69DC8CF3574}.Release|x64.ActiveCfg = Release|x64
		{C73E8764-E27C-4D1A-B68A-A69DC8CF3574}.Release|x64.Build.0 = Release|x64
		{C73E8764-E27C-4D1A-B68A-A69DC8CF3574}.Release|x86.ActiveCfg = Release|Win32
		{C73E8764-E27C-4D1A-B68A-A69DC8CF3574}.Release|x86.Build.0 = Release|Win32
		{580868AB-AEEB-4052-A02C-3440E000746A}.Debug|x64.ActiveCfg = Debug|x64
		{580868AB-AEEB-4052-A02C-3440E000746A}.Debug|x64.Build.0 = Debug|x64
		{580868AB-AEEB-4052-A02C-3440E000746A}.Debug|x86.ActiveCfg = Debug|Win32
		{580868AB-AEEB-4052-A02C-3440E000746A}.Debug|x86.Build.0 = Debug|Win32
		{580868AB-AEEB-4052-A02C-3440E000746A}.Release|x64.ActiveCfg = Release|x64
		{580868AB-AEEB-4052-A02C-3440E000746A}.Release|x64.Build.0 = Release|x64
		{580868AB-AEEB-4052-A02C-3440E000746A}.Release|x86.ActiveCfg = Release|Win32
		{580868AB-AEEB-4052-A02C-3440E000746A}.Release|x86.Build.0 = Release|Win32
		{FF0AD403-D806-4CAA-9777-C1E09F122F3D}.Debug|x64.ActiveCfg = Debug|x64
		{FF0AD403-D806-4CAA-9777-C1E09F122F3D}.Debug|x64.Build.0 = Debug|x64
		{FF0AD403-D806-4CAA-9777-C1E09F122F3D}.Debug|x86.ActiveCfg = Debug|Win32
		{FF0AD403-D806-4CAA-9777-C1E09F122F3D}.Debug|x86.Build.0 = Debug|Win32
		{FF0AD403-D806-4CAA-9777-C1E09F122F3D}.Release|x64.ActiveCfg = Release|x64
		{FF0AD403-D806-4CAA-9777-C1E09F122F3D}.Release|x64.Build.0 = Release|x64
		{FF0AD403-D806-4CAA-9777-C1E09F122F3D}.Release|x86.ActiveCfg = Release|Win32
		{FF0AD403-D806-4CAA-9777-C1E09F122F3D}.Release|x86.Build.0 = Release|Win32
		{7789D2E5-35E3-4762-BBC5-83CB50E97DEF}.Debug|x64.ActiveCfg = Debug|x64
		{7789D2E5-35E3-4762-BBC5-83CB50E97DEF}.Debug|x64.Build.0 = Debug|x64
		{7789D2E5-35E3-4762-BBC5-83CB50E97DEF}.Debug|x86.ActiveCfg = Debug|Win32
		{7789D2E5-35E3-4762-BBC5-83CB50E97DEF}.Debug|x86.Build.0 = Debug|Win32
		{7789D2E5-35E3-4762-BBC5-83CB50E97DEF}.Release|x64.ActiveCfg = Release|x64
		{7789D2E5-35E3-4762-BBC5-83CB50E97DEF}.Release|x64.Build.0 = Release|x64
		{7789D2E5-35E3-4762-BBC5-83CB50E97DEF}.Release|x86.ActiveCfg = Release|Win32
		{7789D2E5-35E3-4762-BBC5-83CB50E97DEF}.Release|x86.Build.0 = Release|Win32
		{11E6A7C2-C808-498E-9CCA-CC493A7BDC45}.Debug|x64.ActiveCfg = Debug|x64
		{11E6A7C2-C808-498E-9CCA-CC493A7BDC45}.Debug|x64.Build.0 = Debug|x64
		{11E6A7C2-C808-498E-9CCA-CC493A7BDC45}.Debug|x86.ActiveCfg = Debug|Win32
		{11E6A7C2-C808-498E-9CCA-CC493A7BDC45}.Debug|x86.Build.0 = Debug|Win32
		{11E6A7C2-C808-498E-9CCA-CC493A7BDC45}.Release|x64.ActiveCfg = Release|x64
		{11E6A7C2-C808-498E-9CCA-CC493A7BDC45}.Release|x64.Build.0 = Release|x64
		{11E6A7C2-C808-498E-9CCA-CC493A7BDC45}.Release|x86.ActiveCfg = Release|Win32
		{11E6A7C2-C808-498E-9CCA-CC493A7BDC45}.Release|x86.Build.0 = Release|Win32
		{495DEC0A-7A5D-4692-A34C-00BC8058C253}.Debug|x64.ActiveCfg = Debug|x64
		{495DEC0A-7A5D-4692-A34C-00BC8058C253}.Debug|x64.Build.0 = Debug|x64
		{495DEC0A-7A5D-4692-A34C-00BC8058C253}.Debug|x86.ActiveCfg = Debug|Win32
		{495DEC0A-7A5D-4692-A34C-00BC8058C253}.Debug|x86.Build.0 = Debug|Win32
		{495DEC0A-7A5D-4692-A34C-00BC8058C253}.Release|x64.ActiveCfg = Release|x64
		{495DEC0A-7A5D-4692-A34C-00BC8058C253}.Release|x64.Build.0 = Release|x64
		{495DEC0A-7A5D-4692-A34C-00BC8058C253}.Release|x86.ActiveCfg = Release|Win32
		{495DEC0A-7A5D-4692-A34C-00BC8058C253}.Release|x86.Build.0 = Release|Win32
		{8D01C0CA-D3A9-48EB-B984-42760664B131}.Debug|x64.ActiveCfg = Debug|x64
		{8D01C0CA-D3A9-48EB-B984-42760664B131}.Debug|x64.Build.0 = Debug|x64
		{8D01C0CA-D3A9-48EB-B984-42760664B131}.Debug|x86.ActiveCfg = Debug|Win32
		{8D01C0CA-D3A9-48EB-B984-42760664B131}.Debug|x86.Build.0 = Debug|Win32
		{8D01C0CA-D3A9-48EB-B984-42760664B131}.Release|x64.ActiveCfg = Release|x64
		{8D01C0CA-D3A9-48EB-B984-42760664B131}.Release|x64.Build.0 = Release|x64
		{8D01C0CA-D3A9-48EB-B984-42760664B131}.Release|x86.ActiveCfg = Release|Win32
		{8D01C0CA-D3A9-48EB-B984-42760664B131}.Release|x86.Build.0 = Release|Win32
		{BEA2F918-0D0B-4DFA-864B-7CC2647C3592}.Debug|x64.ActiveCfg = Debug|x64
		{BEA2F918-0D0B-4DFA-864B-7CC2647C3592}.Debug|x64.Build.0 = Debug|x64
		{BEA2F918-0D0B-4DFA-864B-7CC2647C3592}.Debug|x86.ActiveCfg = Debug|Win32
		{BEA2F918-0D0B-4DFA-864B-7CC2647C3592}.Debug|x86.Build.0 = Debug|Win32
		{BEA2F918-0D0B-4DFA-864B-7CC2647C3592}.Release|x64.ActiveCfg = Release|x64
		{BEA2F918-0D0B-4DFA-864B-7CC2647C3592}.Release|x64.Build.0 = Release|x64
		{BEA2F918-0D0B-4DFA-864B-7CC2647C3592}.Release|x86.ActiveCfg = Release|Win32
		{BEA2F918-0D0B-4DFA-864B-7CC2647C3592}.Release|x86.Build.0 = Release|Win32
		{75E1C6AD-8852-4546-AAC9-EFFFB6FE0BE5}.Debug|x64.ActiveCfg = Debug|x64
		{75E1C6AD-8852-4546-AAC9-EFFFB6FE0BE5}.Debug|x64.Build.0 = Debug|x64
		{75E1C6AD-8852-4546-AAC9-EFFFB6FE0BE5}.Debug|x86.ActiveCfg = Debug|Win32
		{75E1C6AD-8852-4546-AAC9-EFFFB6FE0BE5}.Debug|x86.Build.0 = Debug|Win32
		{75E1C6AD-8852-4546-AAC9-EFFFB6FE0BE5}.Release|x64.ActiveCfg = Release|x64
		{75E1C6AD-8852-4546-AAC9-EFFFB6FE0BE5}.Release|x64.Build.0 = Release|x64
		{75E1C6AD-8852-4546-AAC9-EFFFB6FE0BE5}.Release|x86.ActiveCfg = Release|Win32
		{75E1C6AD-8852-4546-AAC9-EFFFB6FE0BE5}.Release|x86.Build.0 = Release|Win32
	EndGlobalSection
	GlobalSection(SolutionProperties) = preSolution
		HideSolutionNode = FALSE
	EndGlobalSection
	GlobalSection(ExtensibilityGlobals) = postSolution
		SolutionGuid = {538DD8C4-4CD3-4FAF-91C6-095ADF63E89C}
	EndGlobalSection
EndGlobal
